PODS:
  - AMap3DMap (6.9.0):
    - AMapFoundation (~> 1.5)
  - amap_base (0.1.8):
    - AMapLocation
    - AMapNavi
    - AMapSearch
    - Flutter
    - MJExtension
  - AMapFoundation (1.5.7)
  - AMapLocation (2.6.3):
    - AMapFoundation (~> 1.4)
  - AMapNavi (6.9.1):
    - AMap3DMap (~> 6.7)
    - AMapFoundation (~> 1.5)
  - AMapSearch (6.9.0):
    - AMapFoundation (~> 1.4)
  - curl (1.0.0)
  - Flutter (1.0.0)
  - flutter_amap_location_plugin (0.0.1):
    - AMapLocation (~> 2.6.3)
    - Flutter
    - MJExtension
  - flutter_luakit_plugin (0.0.1):
    - curl (>= 1.0.0)
    - Flutter
    - LuakitPod (>= 1.0.23)
  - flutter_orm_plugin (0.0.1):
    - Flutter
  - local_image_provider (0.0.1):
    - Flutter
  - LuakitPod (1.0.23)
  - MJExtension (3.2.0)
  - permission_handler (3.2.2):
    - Flutter
  - shared_preferences (0.0.1):
    - Flutter

DEPENDENCIES:
  - amap_base (from `.symlinks/plugins/amap_base/ios`)
  - curl (~> 1.0.0)
  - Flutter (from `.symlinks/flutter/ios`)
  - flutter_amap_location_plugin (from `.symlinks/plugins/flutter_amap_location_plugin/ios`)
  - flutter_luakit_plugin (from `.symlinks/plugins/flutter_luakit_plugin/ios`)
  - flutter_orm_plugin (from `.symlinks/plugins/flutter_orm_plugin/ios`)
  - local_image_provider (from `.symlinks/plugins/local_image_provider/ios`)
  - LuakitPod (~> 1.0.23)
  - permission_handler (from `.symlinks/plugins/permission_handler/ios`)
  - shared_preferences (from `.symlinks/plugins/shared_preferences/ios`)

SPEC REPOS:
  https://github.com/williamwen1986/curl.git:
    - curl
  https://github.com/williamwen1986/LuakitPod.git:
    - LuakitPod
  trunk:
    - AMap3DMap
    - AMapFoundation
    - AMapLocation
    - AMapNavi
    - AMapSearch
    - MJExtension

EXTERNAL SOURCES:
  amap_base:
    :path: ".symlinks/plugins/amap_base/ios"
  Flutter:
    :path: ".symlinks/flutter/ios"
  flutter_amap_location_plugin:
    :path: ".symlinks/plugins/flutter_amap_location_plugin/ios"
  flutter_luakit_plugin:
    :path: ".symlinks/plugins/flutter_luakit_plugin/ios"
  flutter_orm_plugin:
    :path: ".symlinks/plugins/flutter_orm_plugin/ios"
  local_image_provider:
    :path: ".symlinks/plugins/local_image_provider/ios"
  permission_handler:
    :path: ".symlinks/plugins/permission_handler/ios"
  shared_preferences:
    :path: ".symlinks/plugins/shared_preferences/ios"

SPEC CHECKSUMS:
  AMap3DMap: c80b264f08f179d9b0949b84c65fc1a51dec9d6f
  amap_base: 0d205973fa29a6e232ffc4b48c1e3d8a7f20a3a3
  AMapFoundation: 216d58448c80356434ac4332250a8fdb2f5c4d1e
  AMapLocation: dc2c4fde95d72087d73934338160fadc72104bb7
  AMapNavi: 7e7c6ab0b9ad45ddba19297901d63236ff4be710
  AMapSearch: af02822537e55b85a4752e9df5c19e4b9da82031
  curl: ec0615c2f1046f5751549e6e714f845c9b609805
  Flutter: 0e3d915762c693b495b44d77113d4970485de6ec
  flutter_amap_location_plugin: f46c35452fd1c14b2deee046393dbbb03de73009
  flutter_luakit_plugin: 081f678c0e6634924c4a33680a53455c514dba9a
  flutter_orm_plugin: f62fd453ff96deb4962cde4a00294a9bd684c974
  local_image_provider: 54ba0242c112882b0597fbfb9900270d63059d58
  LuakitPod: 9b368deeb047c373d34525e0be47f26f68d83af9
  MJExtension: e22bed65fdcd38e957242982b7384f2984c9088e
  permission_handler: d59f41439f5bc6c4d1005f3355e98f05ddc68ece
  shared_preferences: 430726339841afefe5142b9c1f50cb6bd7793e01

PODFILE CHECKSUM: 5acc3fcb64cd14b08402a74bf64008a1584a6d68

COCOAPODS: 1.8.1
