PODS:
  - AMap3DMap (6.9.0):
    - AMapFoundation (~> 1.5)
  - amap_base (0.1.8):
    - AMapLocation
    - AMapNavi
    - AMapSearch
    - Flutter
    - MJExtension
  - AMapFoundation (1.5.7)
  - AMapLocation (2.6.3):
    - AMapFoundation (~> 1.4)
  - AMapNavi (6.9.1):
    - AMap3DMap (~> 6.7)
    - AMapFoundation (~> 1.5)
  - AMapSearch (6.9.0):
    - AMapFoundation (~> 1.4)
  - audioplayers (0.0.1):
    - Flutter
  - Flutter (1.0.0)
  - flutter_amap_location_plugin (0.0.1):
    - AMapLocation (~> 2.6.3)
    - Flutter
    - MJExtension
  - FMDB (2.7.5):
    - FMDB/standard (= 2.7.5)
  - FMDB/standard (2.7.5)
  - MJExtension (3.2.0)
  - path_provider (0.0.1):
    - Flutter
  - permission_handler (3.2.2):
    - Flutter
  - sqflite (0.0.1):
    - Flutter
    - FMDB (~> 2.7.2)

DEPENDENCIES:
  - amap_base (from `.symlinks/plugins/amap_base/ios`)
  - audioplayers (from `.symlinks/plugins/audioplayers/ios`)
  - Flutter (from `.symlinks/flutter/ios`)
  - flutter_amap_location_plugin (from `.symlinks/plugins/flutter_amap_location_plugin/ios`)
  - path_provider (from `.symlinks/plugins/path_provider/ios`)
  - permission_handler (from `.symlinks/plugins/permission_handler/ios`)
  - sqflite (from `.symlinks/plugins/sqflite/ios`)

SPEC REPOS:
  https://github.com/cocoapods/specs.git:
    - AMap3DMap
    - AMapFoundation
    - AMapLocation
    - AMapNavi
    - AMapSearch
    - FMDB
    - MJExtension

EXTERNAL SOURCES:
  amap_base:
    :path: ".symlinks/plugins/amap_base/ios"
  audioplayers:
    :path: ".symlinks/plugins/audioplayers/ios"
  Flutter:
    :path: ".symlinks/flutter/ios"
  flutter_amap_location_plugin:
    :path: ".symlinks/plugins/flutter_amap_location_plugin/ios"
  path_provider:
    :path: ".symlinks/plugins/path_provider/ios"
  permission_handler:
    :path: ".symlinks/plugins/permission_handler/ios"
  sqflite:
    :path: ".symlinks/plugins/sqflite/ios"

SPEC CHECKSUMS:
  AMap3DMap: c80b264f08f179d9b0949b84c65fc1a51dec9d6f
  amap_base: 0d205973fa29a6e232ffc4b48c1e3d8a7f20a3a3
  AMapFoundation: 216d58448c80356434ac4332250a8fdb2f5c4d1e
  AMapLocation: dc2c4fde95d72087d73934338160fadc72104bb7
  AMapNavi: 7e7c6ab0b9ad45ddba19297901d63236ff4be710
  AMapSearch: af02822537e55b85a4752e9df5c19e4b9da82031
  audioplayers: 84f968cea3f2deab00ec4f8ff53358b3c0b3992c
  Flutter: 0e3d915762c693b495b44d77113d4970485de6ec
  flutter_amap_location_plugin: f46c35452fd1c14b2deee046393dbbb03de73009
  FMDB: 2ce00b547f966261cd18927a3ddb07cb6f3db82a
  MJExtension: e22bed65fdcd38e957242982b7384f2984c9088e
  path_provider: f96fff6166a8867510d2c25fdcc346327cc4b259
  permission_handler: d59f41439f5bc6c4d1005f3355e98f05ddc68ece
  sqflite: ff1d9da63c06588cc8d1faf7256d741f16989d5a

PODFILE CHECKSUM: f49f6685c37f93de1e6ecd4a1c9b7d66e5817e52

COCOAPODS: 1.6.0
